// !$*UTF8*$!
{
	archiveVersion = 1;
	classes = {
	};
	objectVersion = 56;
	objects = {

/* Begin PBXBuildFile section */
		2E2A787C2C138FBC003C1836 /* NetworkModel.swift in Sources */ = {isa = PBXBuildFile; fileRef = 2E2A787B2C138FBC003C1836 /* NetworkModel.swift */; };
		2E2A787E2C1397C9003C1836 /* AlertServise.swift in Sources */ = {isa = PBXBuildFile; fileRef = 2E2A787D2C1397C9003C1836 /* AlertServise.swift */; };
		2E2A78822C143B20003C1836 /* UserModel.swift in Sources */ = {isa = PBXBuildFile; fileRef = 2E2A78812C143B20003C1836 /* UserModel.swift */; };
		2E43387B2C24846F00897B48 /* Anketa.swift in Sources */ = {isa = PBXBuildFile; fileRef = 2E43387A2C24846F00897B48 /* Anketa.swift */; };
		2E43387D2C248A5600897B48 /* CreateBrand.swift in Sources */ = {isa = PBXBuildFile; fileRef = 2E43387C2C248A5600897B48 /* CreateBrand.swift */; };
		2E43387F2C24929500897B48 /* image.swift in Sources */ = {isa = PBXBuildFile; fileRef = 2E43387E2C24929500897B48 /* image.swift */; };
		2E4338812C26F1B300897B48 /* 3_RegistrationStep4.swift in Sources */ = {isa = PBXBuildFile; fileRef = 2E4338802C26F1B300897B48 /* 3_RegistrationStep4.swift */; };
		2E4338832C2703C200897B48 /* 3.1_RegistrationStep5.swift in Sources */ = {isa = PBXBuildFile; fileRef = 2E4338822C2703C200897B48 /* 3.1_RegistrationStep5.swift */; };
		2E4338852C2706E900897B48 /* 4_RegistrationStep6.swift in Sources */ = {isa = PBXBuildFile; fileRef = 2E4338842C2706E900897B48 /* 4_RegistrationStep6.swift */; };
		2E4338872C2709C500897B48 /* 4.1 RegistrationStep7.swift in Sources */ = {isa = PBXBuildFile; fileRef = 2E4338862C2709C500897B48 /* 4.1 RegistrationStep7.swift */; };
		2E4338892C270D6D00897B48 /* 5_RegistrationStep8.swift in Sources */ = {isa = PBXBuildFile; fileRef = 2E4338882C270D6C00897B48 /* 5_RegistrationStep8.swift */; };
		2E43388B2C270FF600897B48 /* 6_RegistrationStep9.swift in Sources */ = {isa = PBXBuildFile; fileRef = 2E43388A2C270FF600897B48 /* 6_RegistrationStep9.swift */; };
		2E43388D2C271BE300897B48 /* 9_RegistrationStep10.swift in Sources */ = {isa = PBXBuildFile; fileRef = 2E43388C2C271BE300897B48 /* 9_RegistrationStep10.swift */; };
		2E43388F2C27258400897B48 /* 11_RegistrationStep11.swift in Sources */ = {isa = PBXBuildFile; fileRef = 2E43388E2C27258300897B48 /* 11_RegistrationStep11.swift */; };
		2E5CDD762C790ABC007CE713 /* NavigationButton.swift in Sources */ = {isa = PBXBuildFile; fileRef = 2E5CDD752C790ABC007CE713 /* NavigationButton.swift */; };
		2E81F4622C1DC43C0032BFC7 /* MainViewModel.swift in Sources */ = {isa = PBXBuildFile; fileRef = 2E81F4602C1DC43C0032BFC7 /* MainViewModel.swift */; };
		2E81F4802C1DC4590032BFC7 /* EndpointApiUrls.swift in Sources */ = {isa = PBXBuildFile; fileRef = 2E81F4642C1DC4580032BFC7 /* EndpointApiUrls.swift */; };
		2E81F4812C1DC4590032BFC7 /* Requester.swift in Sources */ = {isa = PBXBuildFile; fileRef = 2E81F4652C1DC4580032BFC7 /* Requester.swift */; };
		2E81F4822C1DC4590032BFC7 /* Result.swift in Sources */ = {isa = PBXBuildFile; fileRef = 2E81F4662C1DC4580032BFC7 /* Result.swift */; };
		2E81F4832C1DC4590032BFC7 /* TokenDecoder.swift in Sources */ = {isa = PBXBuildFile; fileRef = 2E81F4672C1DC4580032BFC7 /* TokenDecoder.swift */; };
		2E81F4842C1DC4590032BFC7 /* LoginScreen.swift in Sources */ = {isa = PBXBuildFile; fileRef = 2E81F4692C1DC4580032BFC7 /* LoginScreen.swift */; };
		2E81F4852C1DC4590032BFC7 /* RegisterScreen.swift in Sources */ = {isa = PBXBuildFile; fileRef = 2E81F46A2C1DC4580032BFC7 /* RegisterScreen.swift */; };
		2E81F4862C1DC4590032BFC7 /* IdentifiableAlert.swift in Sources */ = {isa = PBXBuildFile; fileRef = 2E81F46C2C1DC4580032BFC7 /* IdentifiableAlert.swift */; };
		2E81F4872C1DC4590032BFC7 /* !DevsScreen.swift in Sources */ = {isa = PBXBuildFile; fileRef = 2E81F46E2C1DC4580032BFC7 /* !DevsScreen.swift */; };
		2E81F4882C1DC4590032BFC7 /* MainScreen.swift in Sources */ = {isa = PBXBuildFile; fileRef = 2E81F46F2C1DC4580032BFC7 /* MainScreen.swift */; };
		2E81F48B2C1DC4590032BFC7 /* ErrorResponse.swift in Sources */ = {isa = PBXBuildFile; fileRef = 2E81F4742C1DC4580032BFC7 /* ErrorResponse.swift */; };
		2E81F48C2C1DC4590032BFC7 /* TokenInfo.swift in Sources */ = {isa = PBXBuildFile; fileRef = 2E81F4752C1DC4580032BFC7 /* TokenInfo.swift */; };
		2E81F48D2C1DC4590032BFC7 /* TokensInfo.swift in Sources */ = {isa = PBXBuildFile; fileRef = 2E81F4762C1DC4580032BFC7 /* TokensInfo.swift */; };
		2E81F48F2C1DC4590032BFC7 /* Errors.swift in Sources */ = {isa = PBXBuildFile; fileRef = 2E81F4792C1DC4580032BFC7 /* Errors.swift */; };
		2E81F4902C1DC4590032BFC7 /* Extensions.swift in Sources */ = {isa = PBXBuildFile; fileRef = 2E81F47A2C1DC4580032BFC7 /* Extensions.swift */; };
		2E81F4912C1DC4590032BFC7 /* UserDefaultWorker.swift in Sources */ = {isa = PBXBuildFile; fileRef = 2E81F47B2C1DC4580032BFC7 /* UserDefaultWorker.swift */; };
		2E81F4942C1DC51B0032BFC7 /* ContentView.swift in Sources */ = {isa = PBXBuildFile; fileRef = 2E81F4932C1DC51B0032BFC7 /* ContentView.swift */; };
		2E81F4962C1DE3760032BFC7 /* 1_RegistrationStep2.swift in Sources */ = {isa = PBXBuildFile; fileRef = 2E81F4952C1DE3760032BFC7 /* 1_RegistrationStep2.swift */; };
		2E81F4982C1DE6020032BFC7 /* AuthAndRegistrationResponseModels.swift in Sources */ = {isa = PBXBuildFile; fileRef = 2E81F4972C1DE6020032BFC7 /* AuthAndRegistrationResponseModels.swift */; };
		2E81F49A2C1DF53E0032BFC7 /* 2_RegistrationStep3.swift in Sources */ = {isa = PBXBuildFile; fileRef = 2E81F4992C1DF53E0032BFC7 /* 2_RegistrationStep3.swift */; };
		2E81F49C2C1F191B0032BFC7 /* PartnersView.swift in Sources */ = {isa = PBXBuildFile; fileRef = 2E81F49B2C1F191B0032BFC7 /* PartnersView.swift */; };
		2E81F49E2C1F19300032BFC7 /* MatchView.swift in Sources */ = {isa = PBXBuildFile; fileRef = 2E81F49D2C1F19300032BFC7 /* MatchView.swift */; };
		2E81F4A02C1F19760032BFC7 /* MainTabView.swift in Sources */ = {isa = PBXBuildFile; fileRef = 2E81F49F2C1F19760032BFC7 /* MainTabView.swift */; };
		2E81F4A22C1F199C0032BFC7 /* ChatsView.swift in Sources */ = {isa = PBXBuildFile; fileRef = 2E81F4A12C1F199C0032BFC7 /* ChatsView.swift */; };
		2E81F4A42C1F19AE0032BFC7 /* ProfileView.swift in Sources */ = {isa = PBXBuildFile; fileRef = 2E81F4A32C1F19AE0032BFC7 /* ProfileView.swift */; };
		2E8C0AE12C14DA6B00A19FB4 /* ErrorsModel.swift in Sources */ = {isa = PBXBuildFile; fileRef = 2E8C0AE02C14DA6B00A19FB4 /* ErrorsModel.swift */; };
		2E8C0AE32C14E66900A19FB4 /* PoiretOne-Regular.ttf in Resources */ = {isa = PBXBuildFile; fileRef = 2E8C0AE22C14E66900A19FB4 /* PoiretOne-Regular.ttf */; };
		2EADC1032C87238900BFF184 /* Payment.swift in Sources */ = {isa = PBXBuildFile; fileRef = 2EADC1022C87238900BFF184 /* Payment.swift */; };
		2EC0122E2C0CA2FA0029AAE8 /* W2WMatchApp.swift in Sources */ = {isa = PBXBuildFile; fileRef = 2EC0122D2C0CA2FA0029AAE8 /* W2WMatchApp.swift */; };
		2EC012302C0CA2FA0029AAE8 /* HelloView.swift in Sources */ = {isa = PBXBuildFile; fileRef = 2EC0122F2C0CA2FA0029AAE8 /* HelloView.swift */; };
		2EC012322C0CA2FF0029AAE8 /* Assets.xcassets in Resources */ = {isa = PBXBuildFile; fileRef = 2EC012312C0CA2FF0029AAE8 /* Assets.xcassets */; };
		2EC012352C0CA2FF0029AAE8 /* Preview Assets.xcassets in Resources */ = {isa = PBXBuildFile; fileRef = 2EC012342C0CA2FF0029AAE8 /* Preview Assets.xcassets */; };
		2EC0123D2C0F133C0029AAE8 /* FelidaeFont.ttf in Resources */ = {isa = PBXBuildFile; fileRef = 2EC0123C2C0F133C0029AAE8 /* FelidaeFont.ttf */; };
		C54381F02C24C25000DB7B27 /* 13_LogoLoadScreen.swift in Sources */ = {isa = PBXBuildFile; fileRef = C54381EF2C24C25000DB7B27 /* 13_LogoLoadScreen.swift */; };
		C54381F42C25FFE400DB7B27 /* PhotoModel.swift in Sources */ = {isa = PBXBuildFile; fileRef = C54381F32C25FFE400DB7B27 /* PhotoModel.swift */; };
		C54381F62C26C7FA00DB7B27 /* 14_PersonPhotoScreen.swift in Sources */ = {isa = PBXBuildFile; fileRef = C54381F52C26C7FA00DB7B27 /* 14_PersonPhotoScreen.swift */; };
		C54382122C28332600DB7B27 /* !TableRow.swift in Sources */ = {isa = PBXBuildFile; fileRef = C54382112C28332600DB7B27 /* !TableRow.swift */; };
		C5CC6FE72C1F5F3600E707E4 /* 7_AboutYorselfScreen.swift in Sources */ = {isa = PBXBuildFile; fileRef = C5CC6FE62C1F5F3600E707E4 /* 7_AboutYorselfScreen.swift */; };
		C5CC6FE92C1FFDA100E707E4 /* 8_InterectionFormatScreen.swift in Sources */ = {isa = PBXBuildFile; fileRef = C5CC6FE82C1FFDA100E707E4 /* 8_InterectionFormatScreen.swift */; };
		C5CC6FEB2C200BE300E707E4 /* CheckBoxView.swift in Sources */ = {isa = PBXBuildFile; fileRef = C5CC6FEA2C200BE300E707E4 /* CheckBoxView.swift */; };
		C5CC6FED2C22AD3C00E707E4 /* 10_VeryImportantScreen.swift in Sources */ = {isa = PBXBuildFile; fileRef = C5CC6FEC2C22AD3C00E707E4 /* 10_VeryImportantScreen.swift */; };
		C5CC6FEF2C22B3CE00E707E4 /* 12_LastAuthScreen.swift in Sources */ = {isa = PBXBuildFile; fileRef = C5CC6FEE2C22B3CE00E707E4 /* 12_LastAuthScreen.swift */; };
		C5CC6FF62C234C9400E707E4 /* BrandPictureSelecterView.swift in Sources */ = {isa = PBXBuildFile; fileRef = C5CC6FF52C234C9400E707E4 /* BrandPictureSelecterView.swift */; };
		C5CC6FFA2C2355C900E707E4 /* PhotoView.swift in Sources */ = {isa = PBXBuildFile; fileRef = C5CC6FF92C2355C900E707E4 /* PhotoView.swift */; };
		C5CC6FFD2C23582E00E707E4 /* GalleryItem.swift in Sources */ = {isa = PBXBuildFile; fileRef = C5CC6FFC2C23582E00E707E4 /* GalleryItem.swift */; };
/* End PBXBuildFile section */

/* Begin PBXFileReference section */
		2E2A787B2C138FBC003C1836 /* NetworkModel.swift */ = {isa = PBXFileReference; lastKnownFileType = sourcecode.swift; path = NetworkModel.swift; sourceTree = "<group>"; };
		2E2A787D2C1397C9003C1836 /* AlertServise.swift */ = {isa = PBXFileReference; lastKnownFileType = sourcecode.swift; path = AlertServise.swift; sourceTree = "<group>"; };
		2E2A78812C143B20003C1836 /* UserModel.swift */ = {isa = PBXFileReference; lastKnownFileType = sourcecode.swift; path = UserModel.swift; sourceTree = "<group>"; };
		2E43387A2C24846F00897B48 /* Anketa.swift */ = {isa = PBXFileReference; lastKnownFileType = sourcecode.swift; path = Anketa.swift; sourceTree = "<group>"; };
		2E43387C2C248A5600897B48 /* CreateBrand.swift */ = {isa = PBXFileReference; lastKnownFileType = sourcecode.swift; path = CreateBrand.swift; sourceTree = "<group>"; };
		2E43387E2C24929500897B48 /* image.swift */ = {isa = PBXFileReference; lastKnownFileType = sourcecode.swift; path = image.swift; sourceTree = "<group>"; };
		2E4338802C26F1B300897B48 /* 3_RegistrationStep4.swift */ = {isa = PBXFileReference; lastKnownFileType = sourcecode.swift; path = 3_RegistrationStep4.swift; sourceTree = "<group>"; };
		2E4338822C2703C200897B48 /* 3.1_RegistrationStep5.swift */ = {isa = PBXFileReference; lastKnownFileType = sourcecode.swift; path = 3.1_RegistrationStep5.swift; sourceTree = "<group>"; };
		2E4338842C2706E900897B48 /* 4_RegistrationStep6.swift */ = {isa = PBXFileReference; lastKnownFileType = sourcecode.swift; path = 4_RegistrationStep6.swift; sourceTree = "<group>"; };
		2E4338862C2709C500897B48 /* 4.1 RegistrationStep7.swift */ = {isa = PBXFileReference; lastKnownFileType = sourcecode.swift; path = "4.1 RegistrationStep7.swift"; sourceTree = "<group>"; };
		2E4338882C270D6C00897B48 /* 5_RegistrationStep8.swift */ = {isa = PBXFileReference; lastKnownFileType = sourcecode.swift; path = 5_RegistrationStep8.swift; sourceTree = "<group>"; };
		2E43388A2C270FF600897B48 /* 6_RegistrationStep9.swift */ = {isa = PBXFileReference; lastKnownFileType = sourcecode.swift; path = 6_RegistrationStep9.swift; sourceTree = "<group>"; };
		2E43388C2C271BE300897B48 /* 9_RegistrationStep10.swift */ = {isa = PBXFileReference; lastKnownFileType = sourcecode.swift; path = 9_RegistrationStep10.swift; sourceTree = "<group>"; };
		2E43388E2C27258300897B48 /* 11_RegistrationStep11.swift */ = {isa = PBXFileReference; lastKnownFileType = sourcecode.swift; path = 11_RegistrationStep11.swift; sourceTree = "<group>"; };
		2E5CDD752C790ABC007CE713 /* NavigationButton.swift */ = {isa = PBXFileReference; lastKnownFileType = sourcecode.swift; path = NavigationButton.swift; sourceTree = "<group>"; };
		2E81F4602C1DC43C0032BFC7 /* MainViewModel.swift */ = {isa = PBXFileReference; fileEncoding = 4; lastKnownFileType = sourcecode.swift; path = MainViewModel.swift; sourceTree = "<group>"; };
		2E81F4642C1DC4580032BFC7 /* EndpointApiUrls.swift */ = {isa = PBXFileReference; fileEncoding = 4; lastKnownFileType = sourcecode.swift; path = EndpointApiUrls.swift; sourceTree = "<group>"; };
		2E81F4652C1DC4580032BFC7 /* Requester.swift */ = {isa = PBXFileReference; fileEncoding = 4; lastKnownFileType = sourcecode.swift; path = Requester.swift; sourceTree = "<group>"; };
		2E81F4662C1DC4580032BFC7 /* Result.swift */ = {isa = PBXFileReference; fileEncoding = 4; lastKnownFileType = sourcecode.swift; path = Result.swift; sourceTree = "<group>"; };
		2E81F4672C1DC4580032BFC7 /* TokenDecoder.swift */ = {isa = PBXFileReference; fileEncoding = 4; lastKnownFileType = sourcecode.swift; path = TokenDecoder.swift; sourceTree = "<group>"; };
		2E81F4692C1DC4580032BFC7 /* LoginScreen.swift */ = {isa = PBXFileReference; fileEncoding = 4; lastKnownFileType = sourcecode.swift; path = LoginScreen.swift; sourceTree = "<group>"; };
		2E81F46A2C1DC4580032BFC7 /* RegisterScreen.swift */ = {isa = PBXFileReference; fileEncoding = 4; lastKnownFileType = sourcecode.swift; path = RegisterScreen.swift; sourceTree = "<group>"; };
		2E81F46C2C1DC4580032BFC7 /* IdentifiableAlert.swift */ = {isa = PBXFileReference; fileEncoding = 4; lastKnownFileType = sourcecode.swift; path = IdentifiableAlert.swift; sourceTree = "<group>"; };
		2E81F46E2C1DC4580032BFC7 /* !DevsScreen.swift */ = {isa = PBXFileReference; fileEncoding = 4; lastKnownFileType = sourcecode.swift; path = "!DevsScreen.swift"; sourceTree = "<group>"; };
		2E81F46F2C1DC4580032BFC7 /* MainScreen.swift */ = {isa = PBXFileReference; fileEncoding = 4; lastKnownFileType = sourcecode.swift; path = MainScreen.swift; sourceTree = "<group>"; };
		2E81F4742C1DC4580032BFC7 /* ErrorResponse.swift */ = {isa = PBXFileReference; fileEncoding = 4; lastKnownFileType = sourcecode.swift; path = ErrorResponse.swift; sourceTree = "<group>"; };
		2E81F4752C1DC4580032BFC7 /* TokenInfo.swift */ = {isa = PBXFileReference; fileEncoding = 4; lastKnownFileType = sourcecode.swift; path = TokenInfo.swift; sourceTree = "<group>"; };
		2E81F4762C1DC4580032BFC7 /* TokensInfo.swift */ = {isa = PBXFileReference; fileEncoding = 4; lastKnownFileType = sourcecode.swift; path = TokensInfo.swift; sourceTree = "<group>"; };
		2E81F4792C1DC4580032BFC7 /* Errors.swift */ = {isa = PBXFileReference; fileEncoding = 4; lastKnownFileType = sourcecode.swift; path = Errors.swift; sourceTree = "<group>"; };
		2E81F47A2C1DC4580032BFC7 /* Extensions.swift */ = {isa = PBXFileReference; fileEncoding = 4; lastKnownFileType = sourcecode.swift; path = Extensions.swift; sourceTree = "<group>"; };
		2E81F47B2C1DC4580032BFC7 /* UserDefaultWorker.swift */ = {isa = PBXFileReference; fileEncoding = 4; lastKnownFileType = sourcecode.swift; path = UserDefaultWorker.swift; sourceTree = "<group>"; };
		2E81F4932C1DC51B0032BFC7 /* ContentView.swift */ = {isa = PBXFileReference; fileEncoding = 4; lastKnownFileType = sourcecode.swift; path = ContentView.swift; sourceTree = "<group>"; };
		2E81F4952C1DE3760032BFC7 /* 1_RegistrationStep2.swift */ = {isa = PBXFileReference; lastKnownFileType = sourcecode.swift; path = 1_RegistrationStep2.swift; sourceTree = "<group>"; };
		2E81F4972C1DE6020032BFC7 /* AuthAndRegistrationResponseModels.swift */ = {isa = PBXFileReference; lastKnownFileType = sourcecode.swift; path = AuthAndRegistrationResponseModels.swift; sourceTree = "<group>"; };
		2E81F4992C1DF53E0032BFC7 /* 2_RegistrationStep3.swift */ = {isa = PBXFileReference; lastKnownFileType = sourcecode.swift; path = 2_RegistrationStep3.swift; sourceTree = "<group>"; };
		2E81F49B2C1F191B0032BFC7 /* PartnersView.swift */ = {isa = PBXFileReference; lastKnownFileType = sourcecode.swift; path = PartnersView.swift; sourceTree = "<group>"; };
		2E81F49D2C1F19300032BFC7 /* MatchView.swift */ = {isa = PBXFileReference; lastKnownFileType = sourcecode.swift; path = MatchView.swift; sourceTree = "<group>"; };
		2E81F49F2C1F19760032BFC7 /* MainTabView.swift */ = {isa = PBXFileReference; lastKnownFileType = sourcecode.swift; path = MainTabView.swift; sourceTree = "<group>"; };
		2E81F4A12C1F199C0032BFC7 /* ChatsView.swift */ = {isa = PBXFileReference; lastKnownFileType = sourcecode.swift; path = ChatsView.swift; sourceTree = "<group>"; };
		2E81F4A32C1F19AE0032BFC7 /* ProfileView.swift */ = {isa = PBXFileReference; lastKnownFileType = sourcecode.swift; path = ProfileView.swift; sourceTree = "<group>"; };
		2E8C0AE02C14DA6B00A19FB4 /* ErrorsModel.swift */ = {isa = PBXFileReference; lastKnownFileType = sourcecode.swift; path = ErrorsModel.swift; sourceTree = "<group>"; };
		2E8C0AE22C14E66900A19FB4 /* PoiretOne-Regular.ttf */ = {isa = PBXFileReference; lastKnownFileType = file; path = "PoiretOne-Regular.ttf"; sourceTree = "<group>"; };
		2EADC1022C87238900BFF184 /* Payment.swift */ = {isa = PBXFileReference; lastKnownFileType = sourcecode.swift; path = Payment.swift; sourceTree = "<group>"; };
		2EC0122A2C0CA2FA0029AAE8 /* W2WMatch.app */ = {isa = PBXFileReference; explicitFileType = wrapper.application; includeInIndex = 0; path = W2WMatch.app; sourceTree = BUILT_PRODUCTS_DIR; };
		2EC0122D2C0CA2FA0029AAE8 /* W2WMatchApp.swift */ = {isa = PBXFileReference; lastKnownFileType = sourcecode.swift; path = W2WMatchApp.swift; sourceTree = "<group>"; };
		2EC0122F2C0CA2FA0029AAE8 /* HelloView.swift */ = {isa = PBXFileReference; lastKnownFileType = sourcecode.swift; path = HelloView.swift; sourceTree = "<group>"; };
		2EC012312C0CA2FF0029AAE8 /* Assets.xcassets */ = {isa = PBXFileReference; lastKnownFileType = folder.assetcatalog; path = Assets.xcassets; sourceTree = "<group>"; };
		2EC012342C0CA2FF0029AAE8 /* Preview Assets.xcassets */ = {isa = PBXFileReference; lastKnownFileType = folder.assetcatalog; path = "Preview Assets.xcassets"; sourceTree = "<group>"; };
		2EC0123B2C0E53E70029AAE8 /* Info.plist */ = {isa = PBXFileReference; lastKnownFileType = text.plist; path = Info.plist; sourceTree = "<group>"; };
		2EC0123C2C0F133C0029AAE8 /* FelidaeFont.ttf */ = {isa = PBXFileReference; lastKnownFileType = file; path = FelidaeFont.ttf; sourceTree = "<group>"; };
		C54381EF2C24C25000DB7B27 /* 13_LogoLoadScreen.swift */ = {isa = PBXFileReference; lastKnownFileType = sourcecode.swift; path = 13_LogoLoadScreen.swift; sourceTree = "<group>"; };
		C54381F32C25FFE400DB7B27 /* PhotoModel.swift */ = {isa = PBXFileReference; lastKnownFileType = sourcecode.swift; path = PhotoModel.swift; sourceTree = "<group>"; };
		C54381F52C26C7FA00DB7B27 /* 14_PersonPhotoScreen.swift */ = {isa = PBXFileReference; lastKnownFileType = sourcecode.swift; path = 14_PersonPhotoScreen.swift; sourceTree = "<group>"; };
		C54382112C28332600DB7B27 /* !TableRow.swift */ = {isa = PBXFileReference; lastKnownFileType = sourcecode.swift; path = "!TableRow.swift"; sourceTree = "<group>"; };
		C5CC6FE62C1F5F3600E707E4 /* 7_AboutYorselfScreen.swift */ = {isa = PBXFileReference; lastKnownFileType = sourcecode.swift; path = 7_AboutYorselfScreen.swift; sourceTree = "<group>"; };
		C5CC6FE82C1FFDA100E707E4 /* 8_InterectionFormatScreen.swift */ = {isa = PBXFileReference; lastKnownFileType = sourcecode.swift; path = 8_InterectionFormatScreen.swift; sourceTree = "<group>"; };
		C5CC6FEA2C200BE300E707E4 /* CheckBoxView.swift */ = {isa = PBXFileReference; lastKnownFileType = sourcecode.swift; path = CheckBoxView.swift; sourceTree = "<group>"; };
		C5CC6FEC2C22AD3C00E707E4 /* 10_VeryImportantScreen.swift */ = {isa = PBXFileReference; lastKnownFileType = sourcecode.swift; path = 10_VeryImportantScreen.swift; sourceTree = "<group>"; };
		C5CC6FEE2C22B3CE00E707E4 /* 12_LastAuthScreen.swift */ = {isa = PBXFileReference; lastKnownFileType = sourcecode.swift; path = 12_LastAuthScreen.swift; sourceTree = "<group>"; };
		C5CC6FF52C234C9400E707E4 /* BrandPictureSelecterView.swift */ = {isa = PBXFileReference; lastKnownFileType = sourcecode.swift; path = BrandPictureSelecterView.swift; sourceTree = "<group>"; };
		C5CC6FF92C2355C900E707E4 /* PhotoView.swift */ = {isa = PBXFileReference; lastKnownFileType = sourcecode.swift; path = PhotoView.swift; sourceTree = "<group>"; };
		C5CC6FFC2C23582E00E707E4 /* GalleryItem.swift */ = {isa = PBXFileReference; lastKnownFileType = sourcecode.swift; path = GalleryItem.swift; sourceTree = "<group>"; };
/* End PBXFileReference section */

/* Begin PBXFrameworksBuildPhase section */
		2EC012272C0CA2FA0029AAE8 /* Frameworks */ = {
			isa = PBXFrameworksBuildPhase;
			buildActionMask = 2147483647;
			files = (
			);
			runOnlyForDeploymentPostprocessing = 0;
		};
/* End PBXFrameworksBuildPhase section */

/* Begin PBXGroup section */
		2E2A78752C12523A003C1836 /* ! Models */ = {
			isa = PBXGroup;
			children = (
				2E2A787B2C138FBC003C1836 /* NetworkModel.swift */,
				2E8C0AE02C14DA6B00A19FB4 /* ErrorsModel.swift */,
				2E2A787D2C1397C9003C1836 /* AlertServise.swift */,
				2E2A78812C143B20003C1836 /* UserModel.swift */,
			);
			path = "! Models";
			sourceTree = "<group>";
		};
		2E81F4612C1DC43C0032BFC7 /* ViewModel */ = {
			isa = PBXGroup;
			children = (
				2E81F4602C1DC43C0032BFC7 /* MainViewModel.swift */,
				2E43387E2C24929500897B48 /* image.swift */,
			);
			path = ViewModel;
			sourceTree = "<group>";
		};
		2E81F4682C1DC4580032BFC7 /* Networking */ = {
			isa = PBXGroup;
			children = (
				2E81F4642C1DC4580032BFC7 /* EndpointApiUrls.swift */,
				2E81F4652C1DC4580032BFC7 /* Requester.swift */,
				2E81F4662C1DC4580032BFC7 /* Result.swift */,
				2E81F4672C1DC4580032BFC7 /* TokenDecoder.swift */,
			);
			path = Networking;
			sourceTree = "<group>";
		};
		2E81F46B2C1DC4580032BFC7 /* Auth */ = {
			isa = PBXGroup;
			children = (
				2EC0122F2C0CA2FA0029AAE8 /* HelloView.swift */,
				2E81F4692C1DC4580032BFC7 /* LoginScreen.swift */,
				2E81F46A2C1DC4580032BFC7 /* RegisterScreen.swift */,
				2E81F4952C1DE3760032BFC7 /* 1_RegistrationStep2.swift */,
				2E81F4992C1DF53E0032BFC7 /* 2_RegistrationStep3.swift */,
				2E4338802C26F1B300897B48 /* 3_RegistrationStep4.swift */,
				2E4338822C2703C200897B48 /* 3.1_RegistrationStep5.swift */,
				2E4338842C2706E900897B48 /* 4_RegistrationStep6.swift */,
				2E4338862C2709C500897B48 /* 4.1 RegistrationStep7.swift */,
				2E4338882C270D6C00897B48 /* 5_RegistrationStep8.swift */,
				2E43388A2C270FF600897B48 /* 6_RegistrationStep9.swift */,
				C5CC6FE62C1F5F3600E707E4 /* 7_AboutYorselfScreen.swift */,
				C5CC6FE82C1FFDA100E707E4 /* 8_InterectionFormatScreen.swift */,
				2E43388C2C271BE300897B48 /* 9_RegistrationStep10.swift */,
				C5CC6FEC2C22AD3C00E707E4 /* 10_VeryImportantScreen.swift */,
				2E43388E2C27258300897B48 /* 11_RegistrationStep11.swift */,
				C5CC6FEE2C22B3CE00E707E4 /* 12_LastAuthScreen.swift */,
				C54381EF2C24C25000DB7B27 /* 13_LogoLoadScreen.swift */,
				C54381F52C26C7FA00DB7B27 /* 14_PersonPhotoScreen.swift */,
			);
			path = Auth;
			sourceTree = "<group>";
		};
		2E81F46D2C1DC4580032BFC7 /* Components */ = {
			isa = PBXGroup;
			children = (
				C5CC6FEA2C200BE300E707E4 /* CheckBoxView.swift */,
				C54382112C28332600DB7B27 /* !TableRow.swift */,
				2E81F46C2C1DC4580032BFC7 /* IdentifiableAlert.swift */,
				C5CC6FF52C234C9400E707E4 /* BrandPictureSelecterView.swift */,
				C5CC6FF92C2355C900E707E4 /* PhotoView.swift */,
				C54381F32C25FFE400DB7B27 /* PhotoModel.swift */,
				2E5CDD752C790ABC007CE713 /* NavigationButton.swift */,
			);
			path = Components;
			sourceTree = "<group>";
		};
		2E81F4702C1DC4580032BFC7 /* Main */ = {
			isa = PBXGroup;
			children = (
				2E81F46E2C1DC4580032BFC7 /* !DevsScreen.swift */,
				2E81F49F2C1F19760032BFC7 /* MainTabView.swift */,
				2E81F49B2C1F191B0032BFC7 /* PartnersView.swift */,
				2E81F49D2C1F19300032BFC7 /* MatchView.swift */,
				2E81F46F2C1DC4580032BFC7 /* MainScreen.swift */,
				2E81F4A12C1F199C0032BFC7 /* ChatsView.swift */,
				2E81F4A32C1F19AE0032BFC7 /* ProfileView.swift */,
			);
			path = Main;
			sourceTree = "<group>";
		};
		2E81F4712C1DC4580032BFC7 /* View */ = {
			isa = PBXGroup;
			children = (
				2E81F4932C1DC51B0032BFC7 /* ContentView.swift */,
				2E81F46B2C1DC4580032BFC7 /* Auth */,
				2E81F46D2C1DC4580032BFC7 /* Components */,
				2E81F4702C1DC4580032BFC7 /* Main */,
			);
			path = View;
			sourceTree = "<group>";
		};
		2E81F4782C1DC4580032BFC7 /* Model */ = {
			isa = PBXGroup;
			children = (
				2E81F4682C1DC4580032BFC7 /* Networking */,
				2E81F4742C1DC4580032BFC7 /* ErrorResponse.swift */,
				2E81F4752C1DC4580032BFC7 /* TokenInfo.swift */,
				2E81F4762C1DC4580032BFC7 /* TokensInfo.swift */,
				2E81F4972C1DE6020032BFC7 /* AuthAndRegistrationResponseModels.swift */,
				C5CC6FFC2C23582E00E707E4 /* GalleryItem.swift */,
				2E43387A2C24846F00897B48 /* Anketa.swift */,
				2EADC1022C87238900BFF184 /* Payment.swift */,
				2E43387C2C248A5600897B48 /* CreateBrand.swift */,
			);
			path = Model;
			sourceTree = "<group>";
		};
		2E81F47C2C1DC4580032BFC7 /* Utils */ = {
			isa = PBXGroup;
			children = (
				2E81F4792C1DC4580032BFC7 /* Errors.swift */,
				2E81F47A2C1DC4580032BFC7 /* Extensions.swift */,
				2E81F47B2C1DC4580032BFC7 /* UserDefaultWorker.swift */,
			);
			path = Utils;
			sourceTree = "<group>";
		};
		2EC012212C0CA2FA0029AAE8 = {
			isa = PBXGroup;
			children = (
				2EC0122C2C0CA2FA0029AAE8 /* W2WMatch */,
				2EC0122B2C0CA2FA0029AAE8 /* Products */,
			);
			sourceTree = "<group>";
		};
		2EC0122B2C0CA2FA0029AAE8 /* Products */ = {
			isa = PBXGroup;
			children = (
				2EC0122A2C0CA2FA0029AAE8 /* W2WMatch.app */,
			);
			name = Products;
			sourceTree = "<group>";
		};
		2EC0122C2C0CA2FA0029AAE8 /* W2WMatch */ = {
			isa = PBXGroup;
			children = (
				2EC0123B2C0E53E70029AAE8 /* Info.plist */,
				2EC0123C2C0F133C0029AAE8 /* FelidaeFont.ttf */,
				2E8C0AE22C14E66900A19FB4 /* PoiretOne-Regular.ttf */,
				2EC0122D2C0CA2FA0029AAE8 /* W2WMatchApp.swift */,
				2E81F4782C1DC4580032BFC7 /* Model */,
				2E81F4712C1DC4580032BFC7 /* View */,
				2E81F4612C1DC43C0032BFC7 /* ViewModel */,
				2E81F47C2C1DC4580032BFC7 /* Utils */,
				2E2A78752C12523A003C1836 /* ! Models */,
				2EC012312C0CA2FF0029AAE8 /* Assets.xcassets */,
				2EC012332C0CA2FF0029AAE8 /* Preview Content */,
			);
			path = W2WMatch;
			sourceTree = "<group>";
		};
		2EC012332C0CA2FF0029AAE8 /* Preview Content */ = {
			isa = PBXGroup;
			children = (
				2EC012342C0CA2FF0029AAE8 /* Preview Assets.xcassets */,
			);
			path = "Preview Content";
			sourceTree = "<group>";
		};
/* End PBXGroup section */

/* Begin PBXNativeTarget section */
		2EC012292C0CA2FA0029AAE8 /* W2WMatch */ = {
			isa = PBXNativeTarget;
			buildConfigurationList = 2EC012382C0CA2FF0029AAE8 /* Build configuration list for PBXNativeTarget "W2WMatch" */;
			buildPhases = (
				2EC012262C0CA2FA0029AAE8 /* Sources */,
				2EC012272C0CA2FA0029AAE8 /* Frameworks */,
				2EC012282C0CA2FA0029AAE8 /* Resources */,
			);
			buildRules = (
			);
			dependencies = (
			);
			name = W2WMatch;
			productName = W2WMatch;
			productReference = 2EC0122A2C0CA2FA0029AAE8 /* W2WMatch.app */;
			productType = "com.apple.product-type.application";
		};
/* End PBXNativeTarget section */

/* Begin PBXProject section */
		2EC012222C0CA2FA0029AAE8 /* Project object */ = {
			isa = PBXProject;
			attributes = {
				BuildIndependentTargetsInParallel = 1;
				LastSwiftUpdateCheck = 1530;
				LastUpgradeCheck = 1530;
				TargetAttributes = {
					2EC012292C0CA2FA0029AAE8 = {
						CreatedOnToolsVersion = 15.3;
					};
				};
			};
			buildConfigurationList = 2EC012252C0CA2FA0029AAE8 /* Build configuration list for PBXProject "W2WMatch" */;
			compatibilityVersion = "Xcode 14.0";
			developmentRegion = en;
			hasScannedForEncodings = 0;
			knownRegions = (
				en,
				Base,
			);
			mainGroup = 2EC012212C0CA2FA0029AAE8;
			productRefGroup = 2EC0122B2C0CA2FA0029AAE8 /* Products */;
			projectDirPath = "";
			projectRoot = "";
			targets = (
				2EC012292C0CA2FA0029AAE8 /* W2WMatch */,
			);
		};
/* End PBXProject section */

/* Begin PBXResourcesBuildPhase section */
		2EC012282C0CA2FA0029AAE8 /* Resources */ = {
			isa = PBXResourcesBuildPhase;
			buildActionMask = 2147483647;
			files = (
				2EC0123D2C0F133C0029AAE8 /* FelidaeFont.ttf in Resources */,
				2E8C0AE32C14E66900A19FB4 /* PoiretOne-Regular.ttf in Resources */,
				2EC012352C0CA2FF0029AAE8 /* Preview Assets.xcassets in Resources */,
				2EC012322C0CA2FF0029AAE8 /* Assets.xcassets in Resources */,
			);
			runOnlyForDeploymentPostprocessing = 0;
		};
/* End PBXResourcesBuildPhase section */

/* Begin PBXSourcesBuildPhase section */
		2EC012262C0CA2FA0029AAE8 /* Sources */ = {
			isa = PBXSourcesBuildPhase;
			buildActionMask = 2147483647;
			files = (
				2E81F4852C1DC4590032BFC7 /* RegisterScreen.swift in Sources */,
				2E8C0AE12C14DA6B00A19FB4 /* ErrorsModel.swift in Sources */,
				2E43387D2C248A5600897B48 /* CreateBrand.swift in Sources */,
				2E81F49A2C1DF53E0032BFC7 /* 2_RegistrationStep3.swift in Sources */,
				2E43387B2C24846F00897B48 /* Anketa.swift in Sources */,
				2EC012302C0CA2FA0029AAE8 /* HelloView.swift in Sources */,
				C54381F42C25FFE400DB7B27 /* PhotoModel.swift in Sources */,
				2E81F48D2C1DC4590032BFC7 /* TokensInfo.swift in Sources */,
				2EC0122E2C0CA2FA0029AAE8 /* W2WMatchApp.swift in Sources */,
				C54382122C28332600DB7B27 /* !TableRow.swift in Sources */,
				2E81F48C2C1DC4590032BFC7 /* TokenInfo.swift in Sources */,
				2E81F4802C1DC4590032BFC7 /* EndpointApiUrls.swift in Sources */,
				C54381F02C24C25000DB7B27 /* 13_LogoLoadScreen.swift in Sources */,
				C5CC6FFA2C2355C900E707E4 /* PhotoView.swift in Sources */,
				2E81F4622C1DC43C0032BFC7 /* MainViewModel.swift in Sources */,
				2E81F4882C1DC4590032BFC7 /* MainScreen.swift in Sources */,
				2E81F4872C1DC4590032BFC7 /* !DevsScreen.swift in Sources */,
				2E43388B2C270FF600897B48 /* 6_RegistrationStep9.swift in Sources */,
				2E4338812C26F1B300897B48 /* 3_RegistrationStep4.swift in Sources */,
				2E43388D2C271BE300897B48 /* 9_RegistrationStep10.swift in Sources */,
				2E4338832C2703C200897B48 /* 3.1_RegistrationStep5.swift in Sources */,
				2E43388F2C27258400897B48 /* 11_RegistrationStep11.swift in Sources */,
				2E81F4A22C1F199C0032BFC7 /* ChatsView.swift in Sources */,
				2E2A787C2C138FBC003C1836 /* NetworkModel.swift in Sources */,
				2E81F49E2C1F19300032BFC7 /* MatchView.swift in Sources */,
				C5CC6FEB2C200BE300E707E4 /* CheckBoxView.swift in Sources */,
				2E81F49C2C1F191B0032BFC7 /* PartnersView.swift in Sources */,
				2E81F4A02C1F19760032BFC7 /* MainTabView.swift in Sources */,
				2E2A787E2C1397C9003C1836 /* AlertServise.swift in Sources */,
				2E81F4912C1DC4590032BFC7 /* UserDefaultWorker.swift in Sources */,
				2E4338892C270D6D00897B48 /* 5_RegistrationStep8.swift in Sources */,
				2E81F48F2C1DC4590032BFC7 /* Errors.swift in Sources */,
				C5CC6FED2C22AD3C00E707E4 /* 10_VeryImportantScreen.swift in Sources */,
				2EADC1032C87238900BFF184 /* Payment.swift in Sources */,
				2E81F4812C1DC4590032BFC7 /* Requester.swift in Sources */,
				2E81F4902C1DC4590032BFC7 /* Extensions.swift in Sources */,
				2E81F4942C1DC51B0032BFC7 /* ContentView.swift in Sources */,
				2E43387F2C24929500897B48 /* image.swift in Sources */,
				2E81F4832C1DC4590032BFC7 /* TokenDecoder.swift in Sources */,
				C5CC6FE92C1FFDA100E707E4 /* 8_InterectionFormatScreen.swift in Sources */,
				C5CC6FEF2C22B3CE00E707E4 /* 12_LastAuthScreen.swift in Sources */,
				C5CC6FF62C234C9400E707E4 /* BrandPictureSelecterView.swift in Sources */,
				2E81F4822C1DC4590032BFC7 /* Result.swift in Sources */,
				C5CC6FFD2C23582E00E707E4 /* GalleryItem.swift in Sources */,
				2E81F4A42C1F19AE0032BFC7 /* ProfileView.swift in Sources */,
				2E81F4962C1DE3760032BFC7 /* 1_RegistrationStep2.swift in Sources */,
				2E2A78822C143B20003C1836 /* UserModel.swift in Sources */,
				2E5CDD762C790ABC007CE713 /* NavigationButton.swift in Sources */,
				2E81F4842C1DC4590032BFC7 /* LoginScreen.swift in Sources */,
				2E81F4862C1DC4590032BFC7 /* IdentifiableAlert.swift in Sources */,
				2E4338872C2709C500897B48 /* 4.1 RegistrationStep7.swift in Sources */,
				2E81F4982C1DE6020032BFC7 /* AuthAndRegistrationResponseModels.swift in Sources */,
				C5CC6FE72C1F5F3600E707E4 /* 7_AboutYorselfScreen.swift in Sources */,
				C54381F62C26C7FA00DB7B27 /* 14_PersonPhotoScreen.swift in Sources */,
				2E81F48B2C1DC4590032BFC7 /* ErrorResponse.swift in Sources */,
				2E4338852C2706E900897B48 /* 4_RegistrationStep6.swift in Sources */,
			);
			runOnlyForDeploymentPostprocessing = 0;
		};
/* End PBXSourcesBuildPhase section */

/* Begin XCBuildConfiguration section */
		2EC012362C0CA2FF0029AAE8 /* Debug */ = {
			isa = XCBuildConfiguration;
			buildSettings = {
				ALWAYS_SEARCH_USER_PATHS = NO;
				ASSETCATALOG_COMPILER_GENERATE_SWIFT_ASSET_SYMBOL_EXTENSIONS = YES;
				CLANG_ANALYZER_NONNULL = YES;
				CLANG_ANALYZER_NUMBER_OBJECT_CONVERSION = YES_AGGRESSIVE;
				CLANG_CXX_LANGUAGE_STANDARD = "gnu++20";
				CLANG_ENABLE_MODULES = YES;
				CLANG_ENABLE_OBJC_ARC = YES;
				CLANG_ENABLE_OBJC_WEAK = YES;
				CLANG_WARN_BLOCK_CAPTURE_AUTORELEASING = YES;
				CLANG_WARN_BOOL_CONVERSION = YES;
				CLANG_WARN_COMMA = YES;
				CLANG_WARN_CONSTANT_CONVERSION = YES;
				CLANG_WARN_DEPRECATED_OBJC_IMPLEMENTATIONS = YES;
				CLANG_WARN_DIRECT_OBJC_ISA_USAGE = YES_ERROR;
				CLANG_WARN_DOCUMENTATION_COMMENTS = YES;
				CLANG_WARN_EMPTY_BODY = YES;
				CLANG_WARN_ENUM_CONVERSION = YES;
				CLANG_WARN_INFINITE_RECURSION = YES;
				CLANG_WARN_INT_CONVERSION = YES;
				CLANG_WARN_NON_LITERAL_NULL_CONVERSION = YES;
				CLANG_WARN_OBJC_IMPLICIT_RETAIN_SELF = YES;
				CLANG_WARN_OBJC_LITERAL_CONVERSION = YES;
				CLANG_WARN_OBJC_ROOT_CLASS = YES_ERROR;
				CLANG_WARN_QUOTED_INCLUDE_IN_FRAMEWORK_HEADER = YES;
				CLANG_WARN_RANGE_LOOP_ANALYSIS = YES;
				CLANG_WARN_STRICT_PROTOTYPES = YES;
				CLANG_WARN_SUSPICIOUS_MOVE = YES;
				CLANG_WARN_UNGUARDED_AVAILABILITY = YES_AGGRESSIVE;
				CLANG_WARN_UNREACHABLE_CODE = YES;
				CLANG_WARN__DUPLICATE_METHOD_MATCH = YES;
				COPY_PHASE_STRIP = NO;
				DEBUG_INFORMATION_FORMAT = dwarf;
				ENABLE_STRICT_OBJC_MSGSEND = YES;
				ENABLE_TESTABILITY = YES;
				ENABLE_USER_SCRIPT_SANDBOXING = YES;
				GCC_C_LANGUAGE_STANDARD = gnu17;
				GCC_DYNAMIC_NO_PIC = NO;
				GCC_NO_COMMON_BLOCKS = YES;
				GCC_OPTIMIZATION_LEVEL = 0;
				GCC_PREPROCESSOR_DEFINITIONS = (
					"DEBUG=1",
					"$(inherited)",
				);
				GCC_WARN_64_TO_32_BIT_CONVERSION = YES;
				GCC_WARN_ABOUT_RETURN_TYPE = YES_ERROR;
				GCC_WARN_UNDECLARED_SELECTOR = YES;
				GCC_WARN_UNINITIALIZED_AUTOS = YES_AGGRESSIVE;
				GCC_WARN_UNUSED_FUNCTION = YES;
				GCC_WARN_UNUSED_VARIABLE = YES;
				IPHONEOS_DEPLOYMENT_TARGET = 16.4;
				LOCALIZATION_PREFERS_STRING_CATALOGS = YES;
				MTL_ENABLE_DEBUG_INFO = INCLUDE_SOURCE;
				MTL_FAST_MATH = YES;
				ONLY_ACTIVE_ARCH = YES;
				SDKROOT = iphoneos;
				SWIFT_ACTIVE_COMPILATION_CONDITIONS = "DEBUG $(inherited)";
				SWIFT_OPTIMIZATION_LEVEL = "-Onone";
			};
			name = Debug;
		};
		2EC012372C0CA2FF0029AAE8 /* Release */ = {
			isa = XCBuildConfiguration;
			buildSettings = {
				ALWAYS_SEARCH_USER_PATHS = NO;
				ASSETCATALOG_COMPILER_GENERATE_SWIFT_ASSET_SYMBOL_EXTENSIONS = YES;
				CLANG_ANALYZER_NONNULL = YES;
				CLANG_ANALYZER_NUMBER_OBJECT_CONVERSION = YES_AGGRESSIVE;
				CLANG_CXX_LANGUAGE_STANDARD = "gnu++20";
				CLANG_ENABLE_MODULES = YES;
				CLANG_ENABLE_OBJC_ARC = YES;
				CLANG_ENABLE_OBJC_WEAK = YES;
				CLANG_WARN_BLOCK_CAPTURE_AUTORELEASING = YES;
				CLANG_WARN_BOOL_CONVERSION = YES;
				CLANG_WARN_COMMA = YES;
				CLANG_WARN_CONSTANT_CONVERSION = YES;
				CLANG_WARN_DEPRECATED_OBJC_IMPLEMENTATIONS = YES;
				CLANG_WARN_DIRECT_OBJC_ISA_USAGE = YES_ERROR;
				CLANG_WARN_DOCUMENTATION_COMMENTS = YES;
				CLANG_WARN_EMPTY_BODY = YES;
				CLANG_WARN_ENUM_CONVERSION = YES;
				CLANG_WARN_INFINITE_RECURSION = YES;
				CLANG_WARN_INT_CONVERSION = YES;
				CLANG_WARN_NON_LITERAL_NULL_CONVERSION = YES;
				CLANG_WARN_OBJC_IMPLICIT_RETAIN_SELF = YES;
				CLANG_WARN_OBJC_LITERAL_CONVERSION = YES;
				CLANG_WARN_OBJC_ROOT_CLASS = YES_ERROR;
				CLANG_WARN_QUOTED_INCLUDE_IN_FRAMEWORK_HEADER = YES;
				CLANG_WARN_RANGE_LOOP_ANALYSIS = YES;
				CLANG_WARN_STRICT_PROTOTYPES = YES;
				CLANG_WARN_SUSPICIOUS_MOVE = YES;
				CLANG_WARN_UNGUARDED_AVAILABILITY = YES_AGGRESSIVE;
				CLANG_WARN_UNREACHABLE_CODE = YES;
				CLANG_WARN__DUPLICATE_METHOD_MATCH = YES;
				COPY_PHASE_STRIP = NO;
				DEBUG_INFORMATION_FORMAT = "dwarf-with-dsym";
				ENABLE_NS_ASSERTIONS = NO;
				ENABLE_STRICT_OBJC_MSGSEND = YES;
				ENABLE_USER_SCRIPT_SANDBOXING = YES;
				GCC_C_LANGUAGE_STANDARD = gnu17;
				GCC_NO_COMMON_BLOCKS = YES;
				GCC_WARN_64_TO_32_BIT_CONVERSION = YES;
				GCC_WARN_ABOUT_RETURN_TYPE = YES_ERROR;
				GCC_WARN_UNDECLARED_SELECTOR = YES;
				GCC_WARN_UNINITIALIZED_AUTOS = YES_AGGRESSIVE;
				GCC_WARN_UNUSED_FUNCTION = YES;
				GCC_WARN_UNUSED_VARIABLE = YES;
				IPHONEOS_DEPLOYMENT_TARGET = 16.4;
				LOCALIZATION_PREFERS_STRING_CATALOGS = YES;
				MTL_ENABLE_DEBUG_INFO = NO;
				MTL_FAST_MATH = YES;
				SDKROOT = iphoneos;
				SWIFT_COMPILATION_MODE = wholemodule;
				VALIDATE_PRODUCT = YES;
			};
			name = Release;
		};
		2EC012392C0CA2FF0029AAE8 /* Debug */ = {
			isa = XCBuildConfiguration;
			buildSettings = {
				ASSETCATALOG_COMPILER_APPICON_NAME = AppIcon;
				ASSETCATALOG_COMPILER_GLOBAL_ACCENT_COLOR_NAME = AccentColor;
				CODE_SIGN_STYLE = Automatic;
				CURRENT_PROJECT_VERSION = 1;
				DEVELOPMENT_ASSET_PATHS = "\"W2WMatch/Preview Content\"";
				DEVELOPMENT_TEAM = A93E9U8WG3;
				ENABLE_PREVIEWS = YES;
				GENERATE_INFOPLIST_FILE = YES;
				INFOPLIST_FILE = W2WMatch/Info.plist;
				INFOPLIST_KEY_UIApplicationSceneManifest_Generation = YES;
				INFOPLIST_KEY_UIApplicationSupportsIndirectInputEvents = YES;
				INFOPLIST_KEY_UILaunchScreen_Generation = YES;
				INFOPLIST_KEY_UISupportedInterfaceOrientations = UIInterfaceOrientationPortrait;
				INFOPLIST_KEY_UISupportedInterfaceOrientations_iPad = "UIInterfaceOrientationLandscapeLeft UIInterfaceOrientationLandscapeRight UIInterfaceOrientationPortrait UIInterfaceOrientationPortraitUpsideDown";
				IPHONEOS_DEPLOYMENT_TARGET = 16.4;
				LD_RUNPATH_SEARCH_PATHS = (
					"$(inherited)",
					"@executable_path/Frameworks",
				);
				MARKETING_VERSION = 1.0;
				PRODUCT_BUNDLE_IDENTIFIER = floron.W2WMatch;
				PRODUCT_NAME = "$(TARGET_NAME)";
				SUPPORTED_PLATFORMS = "iphoneos iphonesimulator";
				SUPPORTS_MACCATALYST = NO;
				SUPPORTS_MAC_DESIGNED_FOR_IPHONE_IPAD = NO;
				SUPPORTS_XR_DESIGNED_FOR_IPHONE_IPAD = NO;
				SWIFT_EMIT_LOC_STRINGS = YES;
				SWIFT_VERSION = 5.0;
				TARGETED_DEVICE_FAMILY = 1;
			};
			name = Debug;
		};
		2EC0123A2C0CA2FF0029AAE8 /* Release */ = {
			isa = XCBuildConfiguration;
			buildSettings = {
				ASSETCATALOG_COMPILER_APPICON_NAME = AppIcon;
				ASSETCATALOG_COMPILER_GLOBAL_ACCENT_COLOR_NAME = AccentColor;
				CODE_SIGN_STYLE = Automatic;
				CURRENT_PROJECT_VERSION = 1;
				DEVELOPMENT_ASSET_PATHS = "\"W2WMatch/Preview Content\"";
				DEVELOPMENT_TEAM = A93E9U8WG3;
				ENABLE_PREVIEWS = YES;
				GENERATE_INFOPLIST_FILE = YES;
				INFOPLIST_FILE = W2WMatch/Info.plist;
				INFOPLIST_KEY_UIApplicationSceneManifest_Generation = YES;
				INFOPLIST_KEY_UIApplicationSupportsIndirectInputEvents = YES;
				INFOPLIST_KEY_UILaunchScreen_Generation = YES;
				INFOPLIST_KEY_UISupportedInterfaceOrientations = UIInterfaceOrientationPortrait;
				INFOPLIST_KEY_UISupportedInterfaceOrientations_iPad = "UIInterfaceOrientationLandscapeLeft UIInterfaceOrientationLandscapeRight UIInterfaceOrientationPortrait UIInterfaceOrientationPortraitUpsideDown";
				IPHONEOS_DEPLOYMENT_TARGET = 16.4;
				LD_RUNPATH_SEARCH_PATHS = (
					"$(inherited)",
					"@executable_path/Frameworks",
				);
				MARKETING_VERSION = 1.0;
				PRODUCT_BUNDLE_IDENTIFIER = floron.W2WMatch;
				PRODUCT_NAME = "$(TARGET_NAME)";
				SUPPORTED_PLATFORMS = "iphoneos iphonesimulator";
				SUPPORTS_MACCATALYST = NO;
				SUPPORTS_MAC_DESIGNED_FOR_IPHONE_IPAD = NO;
				SUPPORTS_XR_DESIGNED_FOR_IPHONE_IPAD = NO;
				SWIFT_EMIT_LOC_STRINGS = YES;
				SWIFT_VERSION = 5.0;
				TARGETED_DEVICE_FAMILY = 1;
			};
			name = Release;
		};
/* End XCBuildConfiguration section */

/* Begin XCConfigurationList section */
		2EC012252C0CA2FA0029AAE8 /* Build configuration list for PBXProject "W2WMatch" */ = {
			isa = XCConfigurationList;
			buildConfigurations = (
				2EC012362C0CA2FF0029AAE8 /* Debug */,
				2EC012372C0CA2FF0029AAE8 /* Release */,
			);
			defaultConfigurationIsVisible = 0;
			defaultConfigurationName = Release;
		};
		2EC012382C0CA2FF0029AAE8 /* Build configuration list for PBXNativeTarget "W2WMatch" */ = {
			isa = XCConfigurationList;
			buildConfigurations = (
				2EC012392C0CA2FF0029AAE8 /* Debug */,
				2EC0123A2C0CA2FF0029AAE8 /* Release */,
			);
			defaultConfigurationIsVisible = 0;
			defaultConfigurationName = Release;
		};
/* End XCConfigurationList section */
	};
	rootObject = 2EC012222C0CA2FA0029AAE8 /* Project object */;
}
